
Microsoft Visual Studio Solution File, Format Version 12.00
# Visual Studio Version 17
VisualStudioVersion = 17.4.33213.308
MinimumVisualStudioVersion = 10.0.40219.1
Project("{FAE04EC0-301F-11D3-BF4B-00C04F79EFBC}") = "Csharp_operatorsOverride", "Csharp_operatorsOverride\Csharp_operatorsOverride.csproj", "{5EC76B00-3F13-4666-93E0-6221F78390F1}"
EndProject
Global
	GlobalSection(SolutionConfigurationPlatforms) = preSolution
		Debug|Any CPU = Debug|Any CPU
		Release|Any CPU = Release|Any CPU
	EndGlobalSection
	GlobalSection(ProjectConfigurationPlatforms) = postSolution
		{5EC76B00-3F13-4666-93E0-6221F78390F1}.Debug|Any CPU.ActiveCfg = Debug|Any CPU
		{5EC76B00-3F13-4666-93E0-6221F78390F1}.Debug|Any CPU.Build.0 = Debug|Any CPU
		{5EC76B00-3F13-4666-93E0-6221F78390F1}.Release|Any CPU.ActiveCfg = Release|Any CPU
		{5EC76B00-3F13-4666-93E0-6221F78390F1}.Release|Any CPU.Build.0 = Release|Any CPU
	EndGlobalSection
	GlobalSection(SolutionProperties) = preSolution
		HideSolutionNode = FALSE
	EndGlobalSection
	GlobalSection(ExtensibilityGlobals) = postSolution
		SolutionGuid = {4C21C3C8-E7E5-440D-B622-5FCF0C08934A}
	EndGlobalSection
EndGlobal
